
Microsoft Visual Studio Solution File, Format Version 12.00
# Visual Studio Version 17
VisualStudioVersion = 17.3.32929.385
MinimumVisualStudioVersion = 10.0.40219.1
Project("{9A19103F-16F7-4668-BE54-9A1E7A4F7556}") = "DotNetCore", "DotNetCore\DotNetCore.csproj", "{ADDD6FCB-88B0-47DC-86B1-0B758722523E}"
EndProject
Global
	GlobalSection(SolutionConfigurationPlatforms) = preSolution
		Debug|Any CPU = Debug|Any CPU
		Release|Any CPU = Release|Any CPU
	EndGlobalSection
	GlobalSection(ProjectConfigurationPlatforms) = postSolution
		{ADDD6FCB-88B0-47DC-86B1-0B758722523E}.Debug|Any CPU.ActiveCfg = Debug|Any CPU
		{ADDD6FCB-88B0-47DC-86B1-0B758722523E}.Debug|Any CPU.Build.0 = Debug|Any CPU
		{ADDD6FCB-88B0-47DC-86B1-0B758722523E}.Release|Any CPU.ActiveCfg = Release|Any CPU
		{ADDD6FCB-88B0-47DC-86B1-0B758722523E}.Release|Any CPU.Build.0 = Release|Any CPU
	EndGlobalSection
	GlobalSection(SolutionProperties) = preSolution
		HideSolutionNode = FALSE
	EndGlobalSection
	GlobalSection(ExtensibilityGlobals) = postSolution
		SolutionGuid = {E9011671-9202-41F3-A3BA-56184CE0FE69}
	EndGlobalSection
EndGlobal
